
Microsoft Visual Studio Solution File, Format Version 12.00
# Visual Studio Version 16
VisualStudioVersion = 16.0.31515.178
MinimumVisualStudioVersion = 10.0.40219.1
Project("{FAE04EC0-301F-11D3-BF4B-00C04F79EFBC}") = "CL1", "CL1.csproj", "{FCBA913E-0733-4D04-8A12-84C9105A4A0D}"
EndProject
Global
	GlobalSection(SolutionConfigurationPlatforms) = preSolution
		Debug|Any CPU = Debug|Any CPU
		Release|Any CPU = Release|Any CPU
	EndGlobalSection
	GlobalSection(ProjectConfigurationPlatforms) = postSolution
		{FCBA913E-0733-4D04-8A12-84C9105A4A0D}.Debug|Any CPU.ActiveCfg = Debug|Any CPU
		{FCBA913E-0733-4D04-8A12-84C9105A4A0D}.Debug|Any CPU.Build.0 = Debug|Any CPU
		{FCBA913E-0733-4D04-8A12-84C9105A4A0D}.Release|Any CPU.ActiveCfg = Release|Any CPU
		{FCBA913E-0733-4D04-8A12-84C9105A4A0D}.Release|Any CPU.Build.0 = Release|Any CPU
	EndGlobalSection
	GlobalSection(SolutionProperties) = preSolution
		HideSolutionNode = FALSE
	EndGlobalSection
	GlobalSection(ExtensibilityGlobals) = postSolution
		SolutionGuid = {F2888EB3-EB85-4826-9729-E2B29256A025}
	EndGlobalSection
EndGlobal
